github.com/go-stack/stack v1.8.0 h1:5SgMzNM5HxrEjV0ww2lTmX6E2Izsfxas4+YHWRs3Lsk=
github.com/go-stack/stack v1.8.0/go.mod h1:v0f6uXyyMGvRgIKkXu+yp6POWl0qKG85gN/melR3HDY=
github.com/google/uuid v1.3.0 h1:t6JiXgmwXMjEs8VusXIJk2BXHsn+wx8BZdTaoZ5fu7I=
github.com/google/uuid v1.3.0/go.mod h1:TIyPZe4MgqvfeYDBFedMoGGpEw/LqOeaOT+nhxU+yHo=
github.com/matrixbotio/constants-lib v1.0.60 h1:qfVKJx22k6DvpbGQb9tPoeoEOttKgCxVteMt2LXpQnY=
github.com/matrixbotio/constants-lib v1.0.60/go.mod h1:ol7WN7tisKCBoLOObf9/8vmnv3cBZC9oFL4Jv59YnwQ=
github.com/sagleft/simple-cron v1.2.0 h1:Sw8Lq+JtWBW8LXhmGzRfO8yG3C7W3nM5Xd/NKWJwasc=
github.com/sagleft/simple-cron v1.2.0/go.mod h1:a++6/wI1ZzgYe+lCAKlWBwR8xBYpPl1oXJpa5rUHlJI=
github.com/streadway/amqp v1.0.0 h1:kuuDrUJFZL1QYL9hUNuCxNObNzB0bV/ZG5jV3RWAQgo=
github.com/streadway/amqp v1.0.0/go.mod h1:AZpEONHx3DKn8O/DFsRAY58/XVQiIPMTMB1SddzLXVw=
